
Microsoft Visual Studio Solution File, Format Version 12.00
# Visual Studio Version 17
VisualStudioVersion = 17.0.32126.317
MinimumVisualStudioVersion = 10.0.40219.1
Project("{FAE04EC0-301F-11D3-BF4B-00C04F79EFBC}") = "filters_tut", "filters_tut.csproj", "{1F304024-465B-4ACB-8EAA-5FA7A0C512D5}"
EndProject
Global
	GlobalSection(SolutionConfigurationPlatforms) = preSolution
		Debug|Any CPU = Debug|Any CPU
		Release|Any CPU = Release|Any CPU
	EndGlobalSection
	GlobalSection(ProjectConfigurationPlatforms) = postSolution
		{1F304024-465B-4ACB-8EAA-5FA7A0C512D5}.Debug|Any CPU.ActiveCfg = Debug|Any CPU
		{1F304024-465B-4ACB-8EAA-5FA7A0C512D5}.Debug|Any CPU.Build.0 = Debug|Any CPU
		{1F304024-465B-4ACB-8EAA-5FA7A0C512D5}.Release|Any CPU.ActiveCfg = Release|Any CPU
		{1F304024-465B-4ACB-8EAA-5FA7A0C512D5}.Release|Any CPU.Build.0 = Release|Any CPU
	EndGlobalSection
	GlobalSection(SolutionProperties) = preSolution
		HideSolutionNode = FALSE
	EndGlobalSection
	GlobalSection(ExtensibilityGlobals) = postSolution
		SolutionGuid = {5B957873-2783-4297-97F9-F479C3B3F70C}
	EndGlobalSection
EndGlobal
